// !$*UTF8*$!
{
	archiveVersion = 1;
	classes = {
	};
	objectVersion = 46;
	objects = {

/* Begin PBXBuildFile section */
		4AF7F9A21CECA250009E6769 /* AppDelegate.swift in Sources */ = {isa = PBXBuildFile; fileRef = 4AF7F9A11CECA250009E6769 /* AppDelegate.swift */; };
		4AF7F9A41CECA250009E6769 /* ViewController.swift in Sources */ = {isa = PBXBuildFile; fileRef = 4AF7F9A31CECA250009E6769 /* ViewController.swift */; };
		4AF7F9A71CECA250009E6769 /* Main.storyboard in Resources */ = {isa = PBXBuildFile; fileRef = 4AF7F9A51CECA250009E6769 /* Main.storyboard */; };
		4AF7F9A91CECA250009E6769 /* Assets.xcassets in Resources */ = {isa = PBXBuildFile; fileRef = 4AF7F9A81CECA250009E6769 /* Assets.xcassets */; };
		4AF7F9AC1CECA250009E6769 /* LaunchScreen.storyboard in Resources */ = {isa = PBXBuildFile; fileRef = 4AF7F9AA1CECA250009E6769 /* LaunchScreen.storyboard */; };
		4AF7F9B71CECA250009E6769 /* FDFrameworkTests.swift in Sources */ = {isa = PBXBuildFile; fileRef = 4AF7F9B61CECA250009E6769 /* FDFrameworkTests.swift */; };
		4AF7F9C21CECA250009E6769 /* FDFrameworkUITests.swift in Sources */ = {isa = PBXBuildFile; fileRef = 4AF7F9C11CECA250009E6769 /* FDFrameworkUITests.swift */; };
		4AF7F9D61CECA84D009E6769 /* FDConstants.swift in Sources */ = {isa = PBXBuildFile; fileRef = 4AF7F9D31CECA84D009E6769 /* FDConstants.swift */; };
		4AF7F9D71CECA84D009E6769 /* FDHelpers.swift in Sources */ = {isa = PBXBuildFile; fileRef = 4AF7F9D41CECA84D009E6769 /* FDHelpers.swift */; };
		4AF7F9D81CECA84D009E6769 /* FDValidator.swift in Sources */ = {isa = PBXBuildFile; fileRef = 4AF7F9D51CECA84D009E6769 /* FDValidator.swift */; };
/* End PBXBuildFile section */

/* Begin PBXContainerItemProxy section */
		4AF7F9B31CECA250009E6769 /* PBXContainerItemProxy */ = {
			isa = PBXContainerItemProxy;
			containerPortal = 4AF7F9961CECA250009E6769 /* Project object */;
			proxyType = 1;
			remoteGlobalIDString = 4AF7F99D1CECA250009E6769;
			remoteInfo = FDFramework;
		};
		4AF7F9BE1CECA250009E6769 /* PBXContainerItemProxy */ = {
			isa = PBXContainerItemProxy;
			containerPortal = 4AF7F9961CECA250009E6769 /* Project object */;
			proxyType = 1;
			remoteGlobalIDString = 4AF7F99D1CECA250009E6769;
			remoteInfo = FDFramework;
		};
/* End PBXContainerItemProxy section */

/* Begin PBXFileReference section */
		4AF7F99E1CECA250009E6769 /* FDFramework.app */ = {isa = PBXFileReference; explicitFileType = wrapper.application; includeInIndex = 0; path = FDFramework.app; sourceTree = BUILT_PRODUCTS_DIR; };
		4AF7F9A11CECA250009E6769 /* AppDelegate.swift */ = {isa = PBXFileReference; lastKnownFileType = sourcecode.swift; path = AppDelegate.swift; sourceTree = "<group>"; };
		4AF7F9A31CECA250009E6769 /* ViewController.swift */ = {isa = PBXFileReference; lastKnownFileType = sourcecode.swift; path = ViewController.swift; sourceTree = "<group>"; };
		4AF7F9A61CECA250009E6769 /* Base */ = {isa = PBXFileReference; lastKnownFileType = file.storyboard; name = Base; path = Base.lproj/Main.storyboard; sourceTree = "<group>"; };
		4AF7F9A81CECA250009E6769 /* Assets.xcassets */ = {isa = PBXFileReference; lastKnownFileType = folder.assetcatalog; path = Assets.xcassets; sourceTree = "<group>"; };
		4AF7F9AB1CECA250009E6769 /* Base */ = {isa = PBXFileReference; lastKnownFileType = file.storyboard; name = Base; path = Base.lproj/LaunchScreen.storyboard; sourceTree = "<group>"; };
		4AF7F9AD1CECA250009E6769 /* Info.plist */ = {isa = PBXFileReference; lastKnownFileType = text.plist.xml; path = Info.plist; sourceTree = "<group>"; };
		4AF7F9B21CECA250009E6769 /* FDFrameworkTests.xctest */ = {isa = PBXFileReference; explicitFileType = wrapper.cfbundle; includeInIndex = 0; path = FDFrameworkTests.xctest; sourceTree = BUILT_PRODUCTS_DIR; };
		4AF7F9B61CECA250009E6769 /* FDFrameworkTests.swift */ = {isa = PBXFileReference; lastKnownFileType = sourcecode.swift; path = FDFrameworkTests.swift; sourceTree = "<group>"; };
		4AF7F9B81CECA250009E6769 /* Info.plist */ = {isa = PBXFileReference; lastKnownFileType = text.plist.xml; path = Info.plist; sourceTree = "<group>"; };
		4AF7F9BD1CECA250009E6769 /* FDFrameworkUITests.xctest */ = {isa = PBXFileReference; explicitFileType = wrapper.cfbundle; includeInIndex = 0; path = FDFrameworkUITests.xctest; sourceTree = BUILT_PRODUCTS_DIR; };
		4AF7F9C11CECA250009E6769 /* FDFrameworkUITests.swift */ = {isa = PBXFileReference; lastKnownFileType = sourcecode.swift; path = FDFrameworkUITests.swift; sourceTree = "<group>"; };
		4AF7F9C31CECA250009E6769 /* Info.plist */ = {isa = PBXFileReference; lastKnownFileType = text.plist.xml; path = Info.plist; sourceTree = "<group>"; };
		4AF7F9D31CECA84D009E6769 /* FDConstants.swift */ = {isa = PBXFileReference; fileEncoding = 4; lastKnownFileType = sourcecode.swift; name = FDConstants.swift; path = Classes/FDConstants.swift; sourceTree = SOURCE_ROOT; };
		4AF7F9D41CECA84D009E6769 /* FDHelpers.swift */ = {isa = PBXFileReference; fileEncoding = 4; lastKnownFileType = sourcecode.swift; name = FDHelpers.swift; path = Classes/FDHelpers.swift; sourceTree = SOURCE_ROOT; };
		4AF7F9D51CECA84D009E6769 /* FDValidator.swift */ = {isa = PBXFileReference; fileEncoding = 4; lastKnownFileType = sourcecode.swift; name = FDValidator.swift; path = Classes/FDValidator.swift; sourceTree = SOURCE_ROOT; };
/* End PBXFileReference section */

/* Begin PBXFrameworksBuildPhase section */
		4AF7F99B1CECA250009E6769 /* Frameworks */ = {
			isa = PBXFrameworksBuildPhase;
			buildActionMask = 2147483647;
			files = (
			);
			runOnlyForDeploymentPostprocessing = 0;
		};
		4AF7F9AF1CECA250009E6769 /* Frameworks */ = {
			isa = PBXFrameworksBuildPhase;
			buildActionMask = 2147483647;
			files = (
			);
			runOnlyForDeploymentPostprocessing = 0;
		};
		4AF7F9BA1CECA250009E6769 /* Frameworks */ = {
			isa = PBXFrameworksBuildPhase;
			buildActionMask = 2147483647;
			files = (
			);
			runOnlyForDeploymentPostprocessing = 0;
		};
/* End PBXFrameworksBuildPhase section */

/* Begin PBXGroup section */
		4AF7F9951CECA250009E6769 = {
			isa = PBXGroup;
			children = (
				4AF7F9A01CECA250009E6769 /* FDFramework */,
				4AF7F9B51CECA250009E6769 /* FDFrameworkTests */,
				4AF7F9C01CECA250009E6769 /* FDFrameworkUITests */,
				4AF7F99F1CECA250009E6769 /* Products */,
			);
			sourceTree = "<group>";
		};
		4AF7F99F1CECA250009E6769 /* Products */ = {
			isa = PBXGroup;
			children = (
				4AF7F99E1CECA250009E6769 /* FDFramework.app */,
				4AF7F9B21CECA250009E6769 /* FDFrameworkTests.xctest */,
				4AF7F9BD1CECA250009E6769 /* FDFrameworkUITests.xctest */,
			);
			name = Products;
			sourceTree = "<group>";
		};
		4AF7F9A01CECA250009E6769 /* FDFramework */ = {
			isa = PBXGroup;
			children = (
				4AF7F9D31CECA84D009E6769 /* FDConstants.swift */,
				4AF7F9D41CECA84D009E6769 /* FDHelpers.swift */,
				4AF7F9D51CECA84D009E6769 /* FDValidator.swift */,
				4AF7F9A11CECA250009E6769 /* AppDelegate.swift */,
				4AF7F9A31CECA250009E6769 /* ViewController.swift */,
				4AF7F9A51CECA250009E6769 /* Main.storyboard */,
				4AF7F9A81CECA250009E6769 /* Assets.xcassets */,
				4AF7F9AA1CECA250009E6769 /* LaunchScreen.storyboard */,
				4AF7F9AD1CECA250009E6769 /* Info.plist */,
			);
			path = FDFramework;
			sourceTree = "<group>";
		};
		4AF7F9B51CECA250009E6769 /* FDFrameworkTests */ = {
			isa = PBXGroup;
			children = (
				4AF7F9B61CECA250009E6769 /* FDFrameworkTests.swift */,
				4AF7F9B81CECA250009E6769 /* Info.plist */,
			);
			path = FDFrameworkTests;
			sourceTree = "<group>";
		};
		4AF7F9C01CECA250009E6769 /* FDFrameworkUITests */ = {
			isa = PBXGroup;
			children = (
				4AF7F9C11CECA250009E6769 /* FDFrameworkUITests.swift */,
				4AF7F9C31CECA250009E6769 /* Info.plist */,
			);
			path = FDFrameworkUITests;
			sourceTree = "<group>";
		};
/* End PBXGroup section */

/* Begin PBXNativeTarget section */
		4AF7F99D1CECA250009E6769 /* FDFramework */ = {
			isa = PBXNativeTarget;
			buildConfigurationList = 4AF7F9C61CECA250009E6769 /* Build configuration list for PBXNativeTarget "FDFramework" */;
			buildPhases = (
				4AF7F99A1CECA250009E6769 /* Sources */,
				4AF7F99B1CECA250009E6769 /* Frameworks */,
				4AF7F99C1CECA250009E6769 /* Resources */,
			);
			buildRules = (
			);
			dependencies = (
			);
			name = FDFramework;
			productName = FDFramework;
			productReference = 4AF7F99E1CECA250009E6769 /* FDFramework.app */;
			productType = "com.apple.product-type.application";
		};
		4AF7F9B11CECA250009E6769 /* FDFrameworkTests */ = {
			isa = PBXNativeTarget;
			buildConfigurationList = 4AF7F9C91CECA250009E6769 /* Build configuration list for PBXNativeTarget "FDFrameworkTests" */;
			buildPhases = (
				4AF7F9AE1CECA250009E6769 /* Sources */,
				4AF7F9AF1CECA250009E6769 /* Frameworks */,
				4AF7F9B01CECA250009E6769 /* Resources */,
			);
			buildRules = (
			);
			dependencies = (
				4AF7F9B41CECA250009E6769 /* PBXTargetDependency */,
			);
			name = FDFrameworkTests;
			productName = FDFrameworkTests;
			productReference = 4AF7F9B21CECA250009E6769 /* FDFrameworkTests.xctest */;
			productType = "com.apple.product-type.bundle.unit-test";
		};
		4AF7F9BC1CECA250009E6769 /* FDFrameworkUITests */ = {
			isa = PBXNativeTarget;
			buildConfigurationList = 4AF7F9CC1CECA250009E6769 /* Build configuration list for PBXNativeTarget "FDFrameworkUITests" */;
			buildPhases = (
				4AF7F9B91CECA250009E6769 /* Sources */,
				4AF7F9BA1CECA250009E6769 /* Frameworks */,
				4AF7F9BB1CECA250009E6769 /* Resources */,
			);
			buildRules = (
			);
			dependencies = (
				4AF7F9BF1CECA250009E6769 /* PBXTargetDependency */,
			);
			name = FDFrameworkUITests;
			productName = FDFrameworkUITests;
			productReference = 4AF7F9BD1CECA250009E6769 /* FDFrameworkUITests.xctest */;
			productType = "com.apple.product-type.bundle.ui-testing";
		};
/* End PBXNativeTarget section */

/* Begin PBXProject section */
		4AF7F9961CECA250009E6769 /* Project object */ = {
			isa = PBXProject;
			attributes = {
				LastSwiftUpdateCheck = 0730;
				LastUpgradeCheck = 0730;
				ORGANIZATIONNAME = "Florent Douine";
				TargetAttributes = {
					4AF7F99D1CECA250009E6769 = {
						CreatedOnToolsVersion = 7.3.1;
					};
					4AF7F9B11CECA250009E6769 = {
						CreatedOnToolsVersion = 7.3.1;
						TestTargetID = 4AF7F99D1CECA250009E6769;
					};
					4AF7F9BC1CECA250009E6769 = {
						CreatedOnToolsVersion = 7.3.1;
						TestTargetID = 4AF7F99D1CECA250009E6769;
					};
				};
			};
			buildConfigurationList = 4AF7F9991CECA250009E6769 /* Build configuration list for PBXProject "FDFramework" */;
			compatibilityVersion = "Xcode 3.2";
			developmentRegion = English;
			hasScannedForEncodings = 0;
			knownRegions = (
				en,
				Base,
			);
			mainGroup = 4AF7F9951CECA250009E6769;
			productRefGroup = 4AF7F99F1CECA250009E6769 /* Products */;
			projectDirPath = "";
			projectRoot = "";
			targets = (
				4AF7F99D1CECA250009E6769 /* FDFramework */,
				4AF7F9B11CECA250009E6769 /* FDFrameworkTests */,
				4AF7F9BC1CECA250009E6769 /* FDFrameworkUITests */,
			);
		};
/* End PBXProject section */

/* Begin PBXResourcesBuildPhase section */
		4AF7F99C1CECA250009E6769 /* Resources */ = {
			isa = PBXResourcesBuildPhase;
			buildActionMask = 2147483647;
			files = (
				4AF7F9AC1CECA250009E6769 /* LaunchScreen.storyboard in Resources */,
				4AF7F9A91CECA250009E6769 /* Assets.xcassets in Resources */,
				4AF7F9A71CECA250009E6769 /* Main.storyboard in Resources */,
			);
			runOnlyForDeploymentPostprocessing = 0;
		};
		4AF7F9B01CECA250009E6769 /* Resources */ = {
			isa = PBXResourcesBuildPhase;
			buildActionMask = 2147483647;
			files = (
			);
			runOnlyForDeploymentPostprocessing = 0;
		};
		4AF7F9BB1CECA250009E6769 /* Resources */ = {
			isa = PBXResourcesBuildPhase;
			buildActionMask = 2147483647;
			files = (
			);
			runOnlyForDeploymentPostprocessing = 0;
		};
/* End PBXResourcesBuildPhase section */

/* Begin PBXSourcesBuildPhase section */
		4AF7F99A1CECA250009E6769 /* Sources */ = {
			isa = PBXSourcesBuildPhase;
			buildActionMask = 2147483647;
			files = (
				4AF7F9D61CECA84D009E6769 /* FDConstants.swift in Sources */,
				4AF7F9A41CECA250009E6769 /* ViewController.swift in Sources */,
				4AF7F9A21CECA250009E6769 /* AppDelegate.swift in Sources */,
				4AF7F9D81CECA84D009E6769 /* FDValidator.swift in Sources */,
				4AF7F9D71CECA84D009E6769 /* FDHelpers.swift in Sources */,
			);
			runOnlyForDeploymentPostprocessing = 0;
		};
		4AF7F9AE1CECA250009E6769 /* Sources */ = {
			isa = PBXSourcesBuildPhase;
			buildActionMask = 2147483647;
			files = (
				4AF7F9B71CECA250009E6769 /* FDFrameworkTests.swift in Sources */,
			);
			runOnlyForDeploymentPostprocessing = 0;
		};
		4AF7F9B91CECA250009E6769 /* Sources */ = {
			isa = PBXSourcesBuildPhase;
			buildActionMask = 2147483647;
			files = (
				4AF7F9C21CECA250009E6769 /* FDFrameworkUITests.swift in Sources */,
			);
			runOnlyForDeploymentPostprocessing = 0;
		};
/* End PBXSourcesBuildPhase section */

/* Begin PBXTargetDependency section */
		4AF7F9B41CECA250009E6769 /* PBXTargetDependency */ = {
			isa = PBXTargetDependency;
			target = 4AF7F99D1CECA250009E6769 /* FDFramework */;
			targetProxy = 4AF7F9B31CECA250009E6769 /* PBXContainerItemProxy */;
		};
		4AF7F9BF1CECA250009E6769 /* PBXTargetDependency */ = {
			isa = PBXTargetDependency;
			target = 4AF7F99D1CECA250009E6769 /* FDFramework */;
			targetProxy = 4AF7F9BE1CECA250009E6769 /* PBXContainerItemProxy */;
		};
/* End PBXTargetDependency section */

/* Begin PBXVariantGroup section */
		4AF7F9A51CECA250009E6769 /* Main.storyboard */ = {
			isa = PBXVariantGroup;
			children = (
				4AF7F9A61CECA250009E6769 /* Base */,
			);
			name = Main.storyboard;
			sourceTree = "<group>";
		};
		4AF7F9AA1CECA250009E6769 /* LaunchScreen.storyboard */ = {
			isa = PBXVariantGroup;
			children = (
				4AF7F9AB1CECA250009E6769 /* Base */,
			);
			name = LaunchScreen.storyboard;
			sourceTree = "<group>";
		};
/* End PBXVariantGroup section */

/* Begin XCBuildConfiguration section */
		4AF7F9C41CECA250009E6769 /* Debug */ = {
			isa = XCBuildConfiguration;
			buildSettings = {
				ALWAYS_SEARCH_USER_PATHS = NO;
				CLANG_ANALYZER_NONNULL = YES;
				CLANG_CXX_LANGUAGE_STANDARD = "gnu++0x";
				CLANG_CXX_LIBRARY = "libc++";
				CLANG_ENABLE_MODULES = YES;
				CLANG_ENABLE_OBJC_ARC = YES;
				CLANG_WARN_BOOL_CONVERSION = YES;
				CLANG_WARN_CONSTANT_CONVERSION = YES;
				CLANG_WARN_DIRECT_OBJC_ISA_USAGE = YES_ERROR;
				CLANG_WARN_EMPTY_BODY = YES;
				CLANG_WARN_ENUM_CONVERSION = YES;
				CLANG_WARN_INT_CONVERSION = YES;
				CLANG_WARN_OBJC_ROOT_CLASS = YES_ERROR;
				CLANG_WARN_UNREACHABLE_CODE = YES;
				CLANG_WARN__DUPLICATE_METHOD_MATCH = YES;
				"CODE_SIGN_IDENTITY[sdk=iphoneos*]" = "iPhone Developer";
				COPY_PHASE_STRIP = NO;
				DEBUG_INFORMATION_FORMAT = dwarf;
				ENABLE_STRICT_OBJC_MSGSEND = YES;
				ENABLE_TESTABILITY = YES;
				GCC_C_LANGUAGE_STANDARD = gnu99;
				GCC_DYNAMIC_NO_PIC = NO;
				GCC_NO_COMMON_BLOCKS = YES;
				GCC_OPTIMIZATION_LEVEL = 0;
				GCC_PREPROCESSOR_DEFINITIONS = (
					"DEBUG=1",
					"$(inherited)",
				);
				GCC_WARN_64_TO_32_BIT_CONVERSION = YES;
				GCC_WARN_ABOUT_RETURN_TYPE = YES_ERROR;
				GCC_WARN_UNDECLARED_SELECTOR = YES;
				GCC_WARN_UNINITIALIZED_AUTOS = YES_AGGRESSIVE;
				GCC_WARN_UNUSED_FUNCTION = YES;
				GCC_WARN_UNUSED_VARIABLE = YES;
				IPHONEOS_DEPLOYMENT_TARGET = 9.3;
				MTL_ENABLE_DEBUG_INFO = YES;
				ONLY_ACTIVE_ARCH = YES;
				SDKROOT = iphoneos;
				SWIFT_OPTIMIZATION_LEVEL = "-Onone";
			};
			name = Debug;
		};
		4AF7F9C51CECA250009E6769 /* Release */ = {
			isa = XCBuildConfiguration;
			buildSettings = {
				ALWAYS_SEARCH_USER_PATHS = NO;
				CLANG_ANALYZER_NONNULL = YES;
				CLANG_CXX_LANGUAGE_STANDARD = "gnu++0x";
				CLANG_CXX_LIBRARY = "libc++";
				CLANG_ENABLE_MODULES = YES;
				CLANG_ENABLE_OBJC_ARC = YES;
				CLANG_WARN_BOOL_CONVERSION = YES;
				CLANG_WARN_CONSTANT_CONVERSION = YES;
				CLANG_WARN_DIRECT_OBJC_ISA_USAGE = YES_ERROR;
				CLANG_WARN_EMPTY_BODY = YES;
				CLANG_WARN_ENUM_CONVERSION = YES;
				CLANG_WARN_INT_CONVERSION = YES;
				CLANG_WARN_OBJC_ROOT_CLASS = YES_ERROR;
				CLANG_WARN_UNREACHABLE_CODE = YES;
				CLANG_WARN__DUPLICATE_METHOD_MATCH = YES;
				"CODE_SIGN_IDENTITY[sdk=iphoneos*]" = "iPhone Developer";
				COPY_PHASE_STRIP = NO;
				DEBUG_INFORMATION_FORMAT = "dwarf-with-dsym";
				ENABLE_NS_ASSERTIONS = NO;
				ENABLE_STRICT_OBJC_MSGSEND = YES;
				GCC_C_LANGUAGE_STANDARD = gnu99;
				GCC_NO_COMMON_BLOCKS = YES;
				GCC_WARN_64_TO_32_BIT_CONVERSION = YES;
				GCC_WARN_ABOUT_RETURN_TYPE = YES_ERROR;
				GCC_WARN_UNDECLARED_SELECTOR = YES;
				GCC_WARN_UNINITIALIZED_AUTOS = YES_AGGRESSIVE;
				GCC_WARN_UNUSED_FUNCTION = YES;
				GCC_WARN_UNUSED_VARIABLE = YES;
				IPHONEOS_DEPLOYMENT_TARGET = 9.3;
				MTL_ENABLE_DEBUG_INFO = NO;
				SDKROOT = iphoneos;
				VALIDATE_PRODUCT = YES;
			};
			name = Release;
		};
		4AF7F9C71CECA250009E6769 /* Debug */ = {
			isa = XCBuildConfiguration;
			buildSettings = {
				ASSETCATALOG_COMPILER_APPICON_NAME = AppIcon;
				INFOPLIST_FILE = FDFramework/Info.plist;
				LD_RUNPATH_SEARCH_PATHS = "$(inherited) @executable_path/Frameworks";
				PRODUCT_BUNDLE_IDENTIFIER = com.fd.FDFramework;
				PRODUCT_NAME = "$(TARGET_NAME)";
			};
			name = Debug;
		};
		4AF7F9C81CECA250009E6769 /* Release */ = {
			isa = XCBuildConfiguration;
			buildSettings = {
				ASSETCATALOG_COMPILER_APPICON_NAME = AppIcon;
				INFOPLIST_FILE = FDFramework/Info.plist;
				LD_RUNPATH_SEARCH_PATHS = "$(inherited) @executable_path/Frameworks";
				PRODUCT_BUNDLE_IDENTIFIER = com.fd.FDFramework;
				PRODUCT_NAME = "$(TARGET_NAME)";
			};
			name = Release;
		};
		4AF7F9CA1CECA250009E6769 /* Debug */ = {
			isa = XCBuildConfiguration;
			buildSettings = {
				BUNDLE_LOADER = "$(TEST_HOST)";
				INFOPLIST_FILE = FDFrameworkTests/Info.plist;
				LD_RUNPATH_SEARCH_PATHS = "$(inherited) @executable_path/Frameworks @loader_path/Frameworks";
				PRODUCT_BUNDLE_IDENTIFIER = com.fd.FDFrameworkTests;
				PRODUCT_NAME = "$(TARGET_NAME)";
				TEST_HOST = "$(BUILT_PRODUCTS_DIR)/FDFramework.app/FDFramework";
			};
			name = Debug;
		};
		4AF7F9CB1CECA250009E6769 /* Release */ = {
			isa = XCBuildConfiguration;
			buildSettings = {
				BUNDLE_LOADER = "$(TEST_HOST)";
				INFOPLIST_FILE = FDFrameworkTests/Info.plist;
				LD_RUNPATH_SEARCH_PATHS = "$(inherited) @executable_path/Frameworks @loader_path/Frameworks";
				PRODUCT_BUNDLE_IDENTIFIER = com.fd.FDFrameworkTests;
				PRODUCT_NAME = "$(TARGET_NAME)";
				TEST_HOST = "$(BUILT_PRODUCTS_DIR)/FDFramework.app/FDFramework";
			};
			name = Release;
		};
		4AF7F9CD1CECA250009E6769 /* Debug */ = {
			isa = XCBuildConfiguration;
			buildSettings = {
				INFOPLIST_FILE = FDFrameworkUITests/Info.plist;
				LD_RUNPATH_SEARCH_PATHS = "$(inherited) @executable_path/Frameworks @loader_path/Frameworks";
				PRODUCT_BUNDLE_IDENTIFIER = com.fd.FDFrameworkUITests;
				PRODUCT_NAME = "$(TARGET_NAME)";
				TEST_TARGET_NAME = FDFramework;
			};
			name = Debug;
		};
		4AF7F9CE1CECA250009E6769 /* Release */ = {
			isa = XCBuildConfiguration;
			buildSettings = {
				INFOPLIST_FILE = FDFrameworkUITests/Info.plist;
				LD_RUNPATH_SEARCH_PATHS = "$(inherited) @executable_path/Frameworks @loader_path/Frameworks";
				PRODUCT_BUNDLE_IDENTIFIER = com.fd.FDFrameworkUITests;
				PRODUCT_NAME = "$(TARGET_NAME)";
				TEST_TARGET_NAME = FDFramework;
			};
			name = Release;
		};
/* End XCBuildConfiguration section */

/* Begin XCConfigurationList section */
		4AF7F9991CECA250009E6769 /* Build configuration list for PBXProject "FDFramework" */ = {
			isa = XCConfigurationList;
			buildConfigurations = (
				4AF7F9C41CECA250009E6769 /* Debug */,
				4AF7F9C51CECA250009E6769 /* Release */,
			);
			defaultConfigurationIsVisible = 0;
			defaultConfigurationName = Release;
		};
		4AF7F9C61CECA250009E6769 /* Build configuration list for PBXNativeTarget "FDFramework" */ = {
			isa = XCConfigurationList;
			buildConfigurations = (
				4AF7F9C71CECA250009E6769 /* Debug */,
				4AF7F9C81CECA250009E6769 /* Release */,
			);
			defaultConfigurationIsVisible = 0;
		};
		4AF7F9C91CECA250009E6769 /* Build configuration list for PBXNativeTarget "FDFrameworkTests" */ = {
			isa = XCConfigurationList;
			buildConfigurations = (
				4AF7F9CA1CECA250009E6769 /* Debug */,
				4AF7F9CB1CECA250009E6769 /* Release */,
			);
			defaultConfigurationIsVisible = 0;
		};
		4AF7F9CC1CECA250009E6769 /* Build configuration list for PBXNativeTarget "FDFrameworkUITests" */ = {
			isa = XCConfigurationList;
			buildConfigurations = (
				4AF7F9CD1CECA250009E6769 /* Debug */,
				4AF7F9CE1CECA250009E6769 /* Release */,
			);
			defaultConfigurationIsVisible = 0;
		};
/* End XCConfigurationList section */
	};
	rootObject = 4AF7F9961CECA250009E6769 /* Project object */;
}
